
Microsoft Visual Studio Solution File, Format Version 12.00
# Visual Studio Version 16
VisualStudioVersion = 16.0.31410.357
MinimumVisualStudioVersion = 10.0.40219.1
Project("{FAE04EC0-301F-11D3-BF4B-00C04F79EFBC}") = "TeknikServis", "TeknikServis\TeknikServis.csproj", "{7150294B-8866-4983-9CCE-AC15B45C84B8}"
EndProject
Project("{FAE04EC0-301F-11D3-BF4B-00C04F79EFBC}") = "TeknikServis_Web", "TeknikServis_Web\TeknikServis_Web.csproj", "{355A9B03-C3E7-4D53-9192-3FA1695E852B}"
EndProject
Global
	GlobalSection(SolutionConfigurationPlatforms) = preSolution
		Debug|Any CPU = Debug|Any CPU
		Release|Any CPU = Release|Any CPU
	EndGlobalSection
	GlobalSection(ProjectConfigurationPlatforms) = postSolution
		{7150294B-8866-4983-9CCE-AC15B45C84B8}.Debug|Any CPU.ActiveCfg = Debug|Any CPU
		{7150294B-8866-4983-9CCE-AC15B45C84B8}.Debug|Any CPU.Build.0 = Debug|Any CPU
		{7150294B-8866-4983-9CCE-AC15B45C84B8}.Release|Any CPU.ActiveCfg = Release|Any CPU
		{7150294B-8866-4983-9CCE-AC15B45C84B8}.Release|Any CPU.Build.0 = Release|Any CPU
		{355A9B03-C3E7-4D53-9192-3FA1695E852B}.Debug|Any CPU.ActiveCfg = Debug|Any CPU
		{355A9B03-C3E7-4D53-9192-3FA1695E852B}.Debug|Any CPU.Build.0 = Debug|Any CPU
		{355A9B03-C3E7-4D53-9192-3FA1695E852B}.Release|Any CPU.ActiveCfg = Release|Any CPU
		{355A9B03-C3E7-4D53-9192-3FA1695E852B}.Release|Any CPU.Build.0 = Release|Any CPU
	EndGlobalSection
	GlobalSection(SolutionProperties) = preSolution
		HideSolutionNode = FALSE
	EndGlobalSection
	GlobalSection(ExtensibilityGlobals) = postSolution
		SolutionGuid = {60C21197-FEA6-4185-9A75-354858BCA847}
	EndGlobalSection
EndGlobal
